
Microsoft Visual Studio Solution File, Format Version 12.00
# Visual Studio Version 17
VisualStudioVersion = 17.7.34003.232
MinimumVisualStudioVersion = 10.0.40219.1
Project("{FAE04EC0-301F-11D3-BF4B-00C04F79EFBC}") = "MicrosoftLearnChallengesInCS", "ConsoleApp1\MicrosoftLearnChallengesInCS.csproj", "{78DD463E-C2D3-4F0C-B284-E8F2FD896C5C}"
EndProject
Global
	GlobalSection(SolutionConfigurationPlatforms) = preSolution
		Debug|Any CPU = Debug|Any CPU
		Release|Any CPU = Release|Any CPU
	EndGlobalSection
	GlobalSection(ProjectConfigurationPlatforms) = postSolution
		{78DD463E-C2D3-4F0C-B284-E8F2FD896C5C}.Debug|Any CPU.ActiveCfg = Debug|Any CPU
		{78DD463E-C2D3-4F0C-B284-E8F2FD896C5C}.Debug|Any CPU.Build.0 = Debug|Any CPU
		{78DD463E-C2D3-4F0C-B284-E8F2FD896C5C}.Release|Any CPU.ActiveCfg = Release|Any CPU
		{78DD463E-C2D3-4F0C-B284-E8F2FD896C5C}.Release|Any CPU.Build.0 = Release|Any CPU
	EndGlobalSection
	GlobalSection(SolutionProperties) = preSolution
		HideSolutionNode = FALSE
	EndGlobalSection
	GlobalSection(ExtensibilityGlobals) = postSolution
		SolutionGuid = {A50ADA26-BBBB-47C4-BAAF-B9D3A858C1D5}
	EndGlobalSection
EndGlobal
